
Microsoft Visual Studio Solution File, Format Version 12.00
# Visual Studio Version 17
VisualStudioVersion = 17.2.32630.192
MinimumVisualStudioVersion = 10.0.40219.1
Project("{8BC9CEB8-8B4A-11D0-8D11-00A0C91BC942}") = "obse_plugin_example", "obse_plugin_example.vcxproj", "{D4DDA734-7E93-4581-8F82-32BB738F69FE}"
EndProject
Project("{8BC9CEB8-8B4A-11D0-8D11-00A0C91BC942}") = "common", "..\common\common.vcxproj", "{20C6411C-596F-4B85-BE4E-8BC91F59D8A6}"
EndProject
Global
	GlobalSection(SolutionConfigurationPlatforms) = preSolution
		Debug|Win32 = Debug|Win32
		Debug|x64 = Debug|x64
		Release|Win32 = Release|Win32
		Release|x64 = Release|x64
	EndGlobalSection
	GlobalSection(ProjectConfigurationPlatforms) = postSolution
		{D4DDA734-7E93-4581-8F82-32BB738F69FE}.Debug|Win32.ActiveCfg = Debug|Win32
		{D4DDA734-7E93-4581-8F82-32BB738F69FE}.Debug|Win32.Build.0 = Debug|Win32
		{D4DDA734-7E93-4581-8F82-32BB738F69FE}.Debug|x64.ActiveCfg = Debug|Win32
		{D4DDA734-7E93-4581-8F82-32BB738F69FE}.Debug|x64.Build.0 = Debug|Win32
		{D4DDA734-7E93-4581-8F82-32BB738F69FE}.Release|Win32.ActiveCfg = Release|Win32
		{D4DDA734-7E93-4581-8F82-32BB738F69FE}.Release|Win32.Build.0 = Release|Win32
		{D4DDA734-7E93-4581-8F82-32BB738F69FE}.Release|x64.ActiveCfg = Release|Win32
		{D4DDA734-7E93-4581-8F82-32BB738F69FE}.Release|x64.Build.0 = Release|Win32
		{20C6411C-596F-4B85-BE4E-8BC91F59D8A6}.Debug|Win32.ActiveCfg = Debug|Win32
		{20C6411C-596F-4B85-BE4E-8BC91F59D8A6}.Debug|Win32.Build.0 = Debug|Win32
		{20C6411C-596F-4B85-BE4E-8BC91F59D8A6}.Debug|x64.ActiveCfg = Debug|Win32
		{20C6411C-596F-4B85-BE4E-8BC91F59D8A6}.Debug|x64.Build.0 = Debug|Win32
		{20C6411C-596F-4B85-BE4E-8BC91F59D8A6}.Release|Win32.ActiveCfg = Release|Win32
		{20C6411C-596F-4B85-BE4E-8BC91F59D8A6}.Release|Win32.Build.0 = Release|Win32
		{20C6411C-596F-4B85-BE4E-8BC91F59D8A6}.Release|x64.ActiveCfg = Release|Win32
		{20C6411C-596F-4B85-BE4E-8BC91F59D8A6}.Release|x64.Build.0 = Release|Win32
	EndGlobalSection
	GlobalSection(SolutionProperties) = preSolution
		HideSolutionNode = FALSE
	EndGlobalSection
	GlobalSection(ExtensibilityGlobals) = postSolution
		SolutionGuid = {2C86B4B3-BCC0-4969-9E94-E68288EC360F}
	EndGlobalSection
EndGlobal
